
Microsoft Visual Studio Solution File, Format Version 12.00
# Visual Studio Version 16
VisualStudioVersion = 16.0.31624.102
MinimumVisualStudioVersion = 10.0.40219.1
Project("{FAE04EC0-301F-11D3-BF4B-00C04F79EFBC}") = "AvalicaoDiagOrientadoObjeto", "AvalicaoDiagOrientadoObjeto.csproj", "{187B2B38-1B19-4563-AD30-278F6F177086}"
EndProject
Global
	GlobalSection(SolutionConfigurationPlatforms) = preSolution
		Debug|Any CPU = Debug|Any CPU
		Release|Any CPU = Release|Any CPU
	EndGlobalSection
	GlobalSection(ProjectConfigurationPlatforms) = postSolution
		{187B2B38-1B19-4563-AD30-278F6F177086}.Debug|Any CPU.ActiveCfg = Debug|Any CPU
		{187B2B38-1B19-4563-AD30-278F6F177086}.Debug|Any CPU.Build.0 = Debug|Any CPU
		{187B2B38-1B19-4563-AD30-278F6F177086}.Release|Any CPU.ActiveCfg = Release|Any CPU
		{187B2B38-1B19-4563-AD30-278F6F177086}.Release|Any CPU.Build.0 = Release|Any CPU
	EndGlobalSection
	GlobalSection(SolutionProperties) = preSolution
		HideSolutionNode = FALSE
	EndGlobalSection
	GlobalSection(ExtensibilityGlobals) = postSolution
		SolutionGuid = {41C71E29-D891-4FC0-9E8F-2E95F933D22A}
	EndGlobalSection
EndGlobal
